// !$*UTF8*$!
{
	archiveVersion = 1;
	classes = {
	};
	objectVersion = 55;
	objects = {

/* Begin PBXBuildFile section */
		8B703988282949CC000BAFB7 /* AppDelegate.swift in Sources */ = {isa = PBXBuildFile; fileRef = 8B703987282949CC000BAFB7 /* AppDelegate.swift */; };
		8B70398A282949CC000BAFB7 /* SceneDelegate.swift in Sources */ = {isa = PBXBuildFile; fileRef = 8B703989282949CC000BAFB7 /* SceneDelegate.swift */; };
		8B70398F282949CC000BAFB7 /* Main.storyboard in Resources */ = {isa = PBXBuildFile; fileRef = 8B70398D282949CC000BAFB7 /* Main.storyboard */; };
		8B703991282949CD000BAFB7 /* Assets.xcassets in Resources */ = {isa = PBXBuildFile; fileRef = 8B703990282949CD000BAFB7 /* Assets.xcassets */; };
		8B703994282949CD000BAFB7 /* LaunchScreen.storyboard in Resources */ = {isa = PBXBuildFile; fileRef = 8B703992282949CD000BAFB7 /* LaunchScreen.storyboard */; };
		8B7039A9282949CD000BAFB7 /* DirectoryAppUITests.swift in Sources */ = {isa = PBXBuildFile; fileRef = 8B7039A8282949CD000BAFB7 /* DirectoryAppUITests.swift */; };
		8B7039AB282949CD000BAFB7 /* DirectoryAppUITestsLaunchTests.swift in Sources */ = {isa = PBXBuildFile; fileRef = 8B7039AA282949CD000BAFB7 /* DirectoryAppUITestsLaunchTests.swift */; };
		8B7039BA28294A78000BAFB7 /* StaffsViewController.swift in Sources */ = {isa = PBXBuildFile; fileRef = 8B7039B928294A78000BAFB7 /* StaffsViewController.swift */; };
		8B7039BD28294AC6000BAFB7 /* RoomsViewController.swift in Sources */ = {isa = PBXBuildFile; fileRef = 8B7039BC28294AC6000BAFB7 /* RoomsViewController.swift */; };
		8B7039C028294CC1000BAFB7 /* Staffs.swift in Sources */ = {isa = PBXBuildFile; fileRef = 8B7039BF28294CC1000BAFB7 /* Staffs.swift */; };
		8B7039C328294D7E000BAFB7 /* JsonDecodable.swift in Sources */ = {isa = PBXBuildFile; fileRef = 8B7039C228294D7E000BAFB7 /* JsonDecodable.swift */; };
		8B7039C628294DBE000BAFB7 /* EndPoints.swift in Sources */ = {isa = PBXBuildFile; fileRef = 8B7039C528294DBE000BAFB7 /* EndPoints.swift */; };
		8B7039C828294DDF000BAFB7 /* NetworkClient.swift in Sources */ = {isa = PBXBuildFile; fileRef = 8B7039C728294DDF000BAFB7 /* NetworkClient.swift */; };
		8B7039CA28294DFD000BAFB7 /* Service.swift in Sources */ = {isa = PBXBuildFile; fileRef = 8B7039C928294DFD000BAFB7 /* Service.swift */; };
		8B7039CD28294E37000BAFB7 /* NetworkError.swift in Sources */ = {isa = PBXBuildFile; fileRef = 8B7039CC28294E37000BAFB7 /* NetworkError.swift */; };
		8B7039CF28294E63000BAFB7 /* Constants.swift in Sources */ = {isa = PBXBuildFile; fileRef = 8B7039CE28294E63000BAFB7 /* Constants.swift */; };
		8B7039D2282950EB000BAFB7 /* StaffsViewModel.swift in Sources */ = {isa = PBXBuildFile; fileRef = 8B7039D1282950EB000BAFB7 /* StaffsViewModel.swift */; };
		8B7039D428295589000BAFB7 /* StaffViewCell.swift in Sources */ = {isa = PBXBuildFile; fileRef = 8B7039D328295589000BAFB7 /* StaffViewCell.swift */; };
		8B7039D82829614A000BAFB7 /* RoomsViewModel.swift in Sources */ = {isa = PBXBuildFile; fileRef = 8B7039D72829614A000BAFB7 /* RoomsViewModel.swift */; };
		8B7039DC282969C6000BAFB7 /* RoomsTableViewCell.swift in Sources */ = {isa = PBXBuildFile; fileRef = 8B7039DB282969C6000BAFB7 /* RoomsTableViewCell.swift */; };
		8B7039DE28297687000BAFB7 /* MockService.swift in Sources */ = {isa = PBXBuildFile; fileRef = 8B7039DD28297687000BAFB7 /* MockService.swift */; };
		8B7039E028297A24000BAFB7 /* StaffsViewModelTests.swift in Sources */ = {isa = PBXBuildFile; fileRef = 8B7039DF28297A24000BAFB7 /* StaffsViewModelTests.swift */; };
		8B7039E228297B2D000BAFB7 /* StaffsSuccessResponse.json in Resources */ = {isa = PBXBuildFile; fileRef = 8B7039E128297B2D000BAFB7 /* StaffsSuccessResponse.json */; };
		8B7039E528297D5B000BAFB7 /* StaffsFailureResponse.json in Resources */ = {isa = PBXBuildFile; fileRef = 8B7039E428297D5B000BAFB7 /* StaffsFailureResponse.json */; };
		8B7039EA2829B64F000BAFB7 /* RoomsSuccessResponse.json in Resources */ = {isa = PBXBuildFile; fileRef = 8B7039E92829B64F000BAFB7 /* RoomsSuccessResponse.json */; };
		8B7039EC2829B66F000BAFB7 /* RoomsFailureResponse.json in Resources */ = {isa = PBXBuildFile; fileRef = 8B7039EB2829B66F000BAFB7 /* RoomsFailureResponse.json */; };
		8B7039EE2829B720000BAFB7 /* RoomsViewModelTests.swift in Sources */ = {isa = PBXBuildFile; fileRef = 8B7039ED2829B720000BAFB7 /* RoomsViewModelTests.swift */; };
		8B7039F02829BAAC000BAFB7 /* StaffDetailViewController.swift in Sources */ = {isa = PBXBuildFile; fileRef = 8B7039EF2829BAAC000BAFB7 /* StaffDetailViewController.swift */; };
		8B7039F22829BD1D000BAFB7 /* StaffDetailsViewModel.swift in Sources */ = {isa = PBXBuildFile; fileRef = 8B7039F12829BD1D000BAFB7 /* StaffDetailsViewModel.swift */; };
		8B7039F6282A5B39000BAFB7 /* README.md in Resources */ = {isa = PBXBuildFile; fileRef = 8B7039F5282A5B39000BAFB7 /* README.md */; };
		8B7039F8282AA4FC000BAFB7 /* StaffsDetailViewModelTests.swift in Sources */ = {isa = PBXBuildFile; fileRef = 8B7039F7282AA4FC000BAFB7 /* StaffsDetailViewModelTests.swift */; };
/* End PBXBuildFile section */

/* Begin PBXContainerItemProxy section */
		8B70399B282949CD000BAFB7 /* PBXContainerItemProxy */ = {
			isa = PBXContainerItemProxy;
			containerPortal = 8B70397C282949CC000BAFB7 /* Project object */;
			proxyType = 1;
			remoteGlobalIDString = 8B703983282949CC000BAFB7;
			remoteInfo = DirectoryApp;
		};
		8B7039A5282949CD000BAFB7 /* PBXContainerItemProxy */ = {
			isa = PBXContainerItemProxy;
			containerPortal = 8B70397C282949CC000BAFB7 /* Project object */;
			proxyType = 1;
			remoteGlobalIDString = 8B703983282949CC000BAFB7;
			remoteInfo = DirectoryApp;
		};
/* End PBXContainerItemProxy section */

/* Begin PBXFileReference section */
		8B703984282949CC000BAFB7 /* DirectoryApp.app */ = {isa = PBXFileReference; explicitFileType = wrapper.application; includeInIndex = 0; path = DirectoryApp.app; sourceTree = BUILT_PRODUCTS_DIR; };
		8B703987282949CC000BAFB7 /* AppDelegate.swift */ = {isa = PBXFileReference; lastKnownFileType = sourcecode.swift; path = AppDelegate.swift; sourceTree = "<group>"; };
		8B703989282949CC000BAFB7 /* SceneDelegate.swift */ = {isa = PBXFileReference; lastKnownFileType = sourcecode.swift; path = SceneDelegate.swift; sourceTree = "<group>"; };
		8B70398E282949CC000BAFB7 /* Base */ = {isa = PBXFileReference; lastKnownFileType = file.storyboard; name = Base; path = Base.lproj/Main.storyboard; sourceTree = "<group>"; };
		8B703990282949CD000BAFB7 /* Assets.xcassets */ = {isa = PBXFileReference; lastKnownFileType = folder.assetcatalog; path = Assets.xcassets; sourceTree = "<group>"; };
		8B703993282949CD000BAFB7 /* Base */ = {isa = PBXFileReference; lastKnownFileType = file.storyboard; name = Base; path = Base.lproj/LaunchScreen.storyboard; sourceTree = "<group>"; };
		8B703995282949CD000BAFB7 /* Info.plist */ = {isa = PBXFileReference; lastKnownFileType = text.plist.xml; path = Info.plist; sourceTree = "<group>"; };
		8B70399A282949CD000BAFB7 /* DirectoryAppTests.xctest */ = {isa = PBXFileReference; explicitFileType = wrapper.cfbundle; includeInIndex = 0; path = DirectoryAppTests.xctest; sourceTree = BUILT_PRODUCTS_DIR; };
		8B7039A4282949CD000BAFB7 /* DirectoryAppUITests.xctest */ = {isa = PBXFileReference; explicitFileType = wrapper.cfbundle; includeInIndex = 0; path = DirectoryAppUITests.xctest; sourceTree = BUILT_PRODUCTS_DIR; };
		8B7039A8282949CD000BAFB7 /* DirectoryAppUITests.swift */ = {isa = PBXFileReference; lastKnownFileType = sourcecode.swift; path = DirectoryAppUITests.swift; sourceTree = "<group>"; };
		8B7039AA282949CD000BAFB7 /* DirectoryAppUITestsLaunchTests.swift */ = {isa = PBXFileReference; lastKnownFileType = sourcecode.swift; path = DirectoryAppUITestsLaunchTests.swift; sourceTree = "<group>"; };
		8B7039B928294A78000BAFB7 /* StaffsViewController.swift */ = {isa = PBXFileReference; lastKnownFileType = sourcecode.swift; path = StaffsViewController.swift; sourceTree = "<group>"; };
		8B7039BC28294AC6000BAFB7 /* RoomsViewController.swift */ = {isa = PBXFileReference; lastKnownFileType = sourcecode.swift; path = RoomsViewController.swift; sourceTree = "<group>"; };
		8B7039BF28294CC1000BAFB7 /* Staffs.swift */ = {isa = PBXFileReference; lastKnownFileType = sourcecode.swift; path = Staffs.swift; sourceTree = "<group>"; };
		8B7039C228294D7E000BAFB7 /* JsonDecodable.swift */ = {isa = PBXFileReference; lastKnownFileType = sourcecode.swift; path = JsonDecodable.swift; sourceTree = "<group>"; };
		8B7039C528294DBE000BAFB7 /* EndPoints.swift */ = {isa = PBXFileReference; lastKnownFileType = sourcecode.swift; path = EndPoints.swift; sourceTree = "<group>"; };
		8B7039C728294DDF000BAFB7 /* NetworkClient.swift */ = {isa = PBXFileReference; lastKnownFileType = sourcecode.swift; path = NetworkClient.swift; sourceTree = "<group>"; };
		8B7039C928294DFD000BAFB7 /* Service.swift */ = {isa = PBXFileReference; lastKnownFileType = sourcecode.swift; path = Service.swift; sourceTree = "<group>"; };
		8B7039CC28294E37000BAFB7 /* NetworkError.swift */ = {isa = PBXFileReference; lastKnownFileType = sourcecode.swift; path = NetworkError.swift; sourceTree = "<group>"; };
		8B7039CE28294E63000BAFB7 /* Constants.swift */ = {isa = PBXFileReference; lastKnownFileType = sourcecode.swift; path = Constants.swift; sourceTree = "<group>"; };
		8B7039D1282950EB000BAFB7 /* StaffsViewModel.swift */ = {isa = PBXFileReference; lastKnownFileType = sourcecode.swift; path = StaffsViewModel.swift; sourceTree = "<group>"; };
		8B7039D328295589000BAFB7 /* StaffViewCell.swift */ = {isa = PBXFileReference; lastKnownFileType = sourcecode.swift; path = StaffViewCell.swift; sourceTree = "<group>"; };
		8B7039D72829614A000BAFB7 /* RoomsViewModel.swift */ = {isa = PBXFileReference; lastKnownFileType = sourcecode.swift; path = RoomsViewModel.swift; sourceTree = "<group>"; };
		8B7039DB282969C6000BAFB7 /* RoomsTableViewCell.swift */ = {isa = PBXFileReference; lastKnownFileType = sourcecode.swift; path = RoomsTableViewCell.swift; sourceTree = "<group>"; };
		8B7039DD28297687000BAFB7 /* MockService.swift */ = {isa = PBXFileReference; lastKnownFileType = sourcecode.swift; path = MockService.swift; sourceTree = "<group>"; };
		8B7039DF28297A24000BAFB7 /* StaffsViewModelTests.swift */ = {isa = PBXFileReference; lastKnownFileType = sourcecode.swift; path = StaffsViewModelTests.swift; sourceTree = "<group>"; };
		8B7039E128297B2D000BAFB7 /* StaffsSuccessResponse.json */ = {isa = PBXFileReference; lastKnownFileType = text.json; path = StaffsSuccessResponse.json; sourceTree = "<group>"; };
		8B7039E428297D5B000BAFB7 /* StaffsFailureResponse.json */ = {isa = PBXFileReference; lastKnownFileType = text.json; path = StaffsFailureResponse.json; sourceTree = "<group>"; };
		8B7039E92829B64F000BAFB7 /* RoomsSuccessResponse.json */ = {isa = PBXFileReference; lastKnownFileType = text.json; path = RoomsSuccessResponse.json; sourceTree = "<group>"; };
		8B7039EB2829B66F000BAFB7 /* RoomsFailureResponse.json */ = {isa = PBXFileReference; lastKnownFileType = text.json; path = RoomsFailureResponse.json; sourceTree = "<group>"; };
		8B7039ED2829B720000BAFB7 /* RoomsViewModelTests.swift */ = {isa = PBXFileReference; lastKnownFileType = sourcecode.swift; path = RoomsViewModelTests.swift; sourceTree = "<group>"; };
		8B7039EF2829BAAC000BAFB7 /* StaffDetailViewController.swift */ = {isa = PBXFileReference; lastKnownFileType = sourcecode.swift; path = StaffDetailViewController.swift; sourceTree = "<group>"; };
		8B7039F12829BD1D000BAFB7 /* StaffDetailsViewModel.swift */ = {isa = PBXFileReference; lastKnownFileType = sourcecode.swift; path = StaffDetailsViewModel.swift; sourceTree = "<group>"; };
		8B7039F5282A5B39000BAFB7 /* README.md */ = {isa = PBXFileReference; fileEncoding = 4; lastKnownFileType = net.daringfireball.markdown; path = README.md; sourceTree = "<group>"; };
		8B7039F7282AA4FC000BAFB7 /* StaffsDetailViewModelTests.swift */ = {isa = PBXFileReference; lastKnownFileType = sourcecode.swift; path = StaffsDetailViewModelTests.swift; sourceTree = "<group>"; };
/* End PBXFileReference section */

/* Begin PBXFrameworksBuildPhase section */
		8B703981282949CC000BAFB7 /* Frameworks */ = {
			isa = PBXFrameworksBuildPhase;
			buildActionMask = 2147483647;
			files = (
			);
			runOnlyForDeploymentPostprocessing = 0;
		};
		8B703997282949CD000BAFB7 /* Frameworks */ = {
			isa = PBXFrameworksBuildPhase;
			buildActionMask = 2147483647;
			files = (
			);
			runOnlyForDeploymentPostprocessing = 0;
		};
		8B7039A1282949CD000BAFB7 /* Frameworks */ = {
			isa = PBXFrameworksBuildPhase;
			buildActionMask = 2147483647;
			files = (
			);
			runOnlyForDeploymentPostprocessing = 0;
		};
/* End PBXFrameworksBuildPhase section */

/* Begin PBXGroup section */
		8B70397B282949CC000BAFB7 = {
			isa = PBXGroup;
			children = (
				8B7039F5282A5B39000BAFB7 /* README.md */,
				8B703986282949CC000BAFB7 /* DirectoryApp */,
				8B70399D282949CD000BAFB7 /* DirectoryAppTests */,
				8B7039A7282949CD000BAFB7 /* DirectoryAppUITests */,
				8B703985282949CC000BAFB7 /* Products */,
			);
			sourceTree = "<group>";
		};
		8B703985282949CC000BAFB7 /* Products */ = {
			isa = PBXGroup;
			children = (
				8B703984282949CC000BAFB7 /* DirectoryApp.app */,
				8B70399A282949CD000BAFB7 /* DirectoryAppTests.xctest */,
				8B7039A4282949CD000BAFB7 /* DirectoryAppUITests.xctest */,
			);
			name = Products;
			sourceTree = "<group>";
		};
		8B703986282949CC000BAFB7 /* DirectoryApp */ = {
			isa = PBXGroup;
			children = (
				8B7039CB28294E25000BAFB7 /* Utility */,
				8B7039C428294DA9000BAFB7 /* Service */,
				8B7039C128294D67000BAFB7 /* Extensions */,
				8B7039BE28294CAB000BAFB7 /* Model */,
				8B7039BB28294A95000BAFB7 /* Rooms */,
				8B7039B728294A4D000BAFB7 /* Staffs */,
				8B703987282949CC000BAFB7 /* AppDelegate.swift */,
				8B703989282949CC000BAFB7 /* SceneDelegate.swift */,
				8B70398D282949CC000BAFB7 /* Main.storyboard */,
				8B703990282949CD000BAFB7 /* Assets.xcassets */,
				8B703992282949CD000BAFB7 /* LaunchScreen.storyboard */,
				8B703995282949CD000BAFB7 /* Info.plist */,
			);
			path = DirectoryApp;
			sourceTree = "<group>";
		};
		8B70399D282949CD000BAFB7 /* DirectoryAppTests */ = {
			isa = PBXGroup;
			children = (
				8B7039DD28297687000BAFB7 /* MockService.swift */,
				8B7039DF28297A24000BAFB7 /* StaffsViewModelTests.swift */,
				8B7039F7282AA4FC000BAFB7 /* StaffsDetailViewModelTests.swift */,
				8B7039ED2829B720000BAFB7 /* RoomsViewModelTests.swift */,
				8B7039E628299387000BAFB7 /* RoomsSampleResponse */,
				8B7039E328297B3C000BAFB7 /* StaffsSampleResponse */,
			);
			path = DirectoryAppTests;
			sourceTree = "<group>";
		};
		8B7039A7282949CD000BAFB7 /* DirectoryAppUITests */ = {
			isa = PBXGroup;
			children = (
				8B7039A8282949CD000BAFB7 /* DirectoryAppUITests.swift */,
				8B7039AA282949CD000BAFB7 /* DirectoryAppUITestsLaunchTests.swift */,
			);
			path = DirectoryAppUITests;
			sourceTree = "<group>";
		};
		8B7039B728294A4D000BAFB7 /* Staffs */ = {
			isa = PBXGroup;
			children = (
				8B7039B828294A56000BAFB7 /* View */,
				8B7039D0282950D3000BAFB7 /* ViewModel */,
			);
			path = Staffs;
			sourceTree = "<group>";
		};
		8B7039B828294A56000BAFB7 /* View */ = {
			isa = PBXGroup;
			children = (
				8B7039B928294A78000BAFB7 /* StaffsViewController.swift */,
				8B7039D328295589000BAFB7 /* StaffViewCell.swift */,
				8B7039EF2829BAAC000BAFB7 /* StaffDetailViewController.swift */,
			);
			path = View;
			sourceTree = "<group>";
		};
		8B7039BB28294A95000BAFB7 /* Rooms */ = {
			isa = PBXGroup;
			children = (
				8B7039D5282960C6000BAFB7 /* View */,
				8B7039D6282960E9000BAFB7 /* ViewModel */,
			);
			path = Rooms;
			sourceTree = "<group>";
		};
		8B7039BE28294CAB000BAFB7 /* Model */ = {
			isa = PBXGroup;
			children = (
				8B7039BF28294CC1000BAFB7 /* Staffs.swift */,
			);
			path = Model;
			sourceTree = "<group>";
		};
		8B7039C128294D67000BAFB7 /* Extensions */ = {
			isa = PBXGroup;
			children = (
				8B7039C228294D7E000BAFB7 /* JsonDecodable.swift */,
			);
			path = Extensions;
			sourceTree = "<group>";
		};
		8B7039C428294DA9000BAFB7 /* Service */ = {
			isa = PBXGroup;
			children = (
				8B7039C528294DBE000BAFB7 /* EndPoints.swift */,
				8B7039C728294DDF000BAFB7 /* NetworkClient.swift */,
				8B7039C928294DFD000BAFB7 /* Service.swift */,
			);
			path = Service;
			sourceTree = "<group>";
		};
		8B7039CB28294E25000BAFB7 /* Utility */ = {
			isa = PBXGroup;
			children = (
				8B7039CC28294E37000BAFB7 /* NetworkError.swift */,
				8B7039CE28294E63000BAFB7 /* Constants.swift */,
			);
			path = Utility;
			sourceTree = "<group>";
		};
		8B7039D0282950D3000BAFB7 /* ViewModel */ = {
			isa = PBXGroup;
			children = (
				8B7039D1282950EB000BAFB7 /* StaffsViewModel.swift */,
				8B7039F12829BD1D000BAFB7 /* StaffDetailsViewModel.swift */,
			);
			path = ViewModel;
			sourceTree = "<group>";
		};
		8B7039D5282960C6000BAFB7 /* View */ = {
			isa = PBXGroup;
			children = (
				8B7039BC28294AC6000BAFB7 /* RoomsViewController.swift */,
				8B7039DB282969C6000BAFB7 /* RoomsTableViewCell.swift */,
			);
			path = View;
			sourceTree = "<group>";
		};
		8B7039D6282960E9000BAFB7 /* ViewModel */ = {
			isa = PBXGroup;
			children = (
				8B7039D72829614A000BAFB7 /* RoomsViewModel.swift */,
			);
			path = ViewModel;
			sourceTree = "<group>";
		};
		8B7039E328297B3C000BAFB7 /* StaffsSampleResponse */ = {
			isa = PBXGroup;
			children = (
				8B7039E128297B2D000BAFB7 /* StaffsSuccessResponse.json */,
				8B7039E428297D5B000BAFB7 /* StaffsFailureResponse.json */,
			);
			path = StaffsSampleResponse;
			sourceTree = "<group>";
		};
		8B7039E628299387000BAFB7 /* RoomsSampleResponse */ = {
			isa = PBXGroup;
			children = (
				8B7039E92829B64F000BAFB7 /* RoomsSuccessResponse.json */,
				8B7039EB2829B66F000BAFB7 /* RoomsFailureResponse.json */,
			);
			path = RoomsSampleResponse;
			sourceTree = "<group>";
		};
/* End PBXGroup section */

/* Begin PBXNativeTarget section */
		8B703983282949CC000BAFB7 /* DirectoryApp */ = {
			isa = PBXNativeTarget;
			buildConfigurationList = 8B7039AE282949CD000BAFB7 /* Build configuration list for PBXNativeTarget "DirectoryApp" */;
			buildPhases = (
				8B703980282949CC000BAFB7 /* Sources */,
				8B703981282949CC000BAFB7 /* Frameworks */,
				8B703982282949CC000BAFB7 /* Resources */,
			);
			buildRules = (
			);
			dependencies = (
			);
			name = DirectoryApp;
			productName = DirectoryApp;
			productReference = 8B703984282949CC000BAFB7 /* DirectoryApp.app */;
			productType = "com.apple.product-type.application";
		};
		8B703999282949CD000BAFB7 /* DirectoryAppTests */ = {
			isa = PBXNativeTarget;
			buildConfigurationList = 8B7039B1282949CD000BAFB7 /* Build configuration list for PBXNativeTarget "DirectoryAppTests" */;
			buildPhases = (
				8B703996282949CD000BAFB7 /* Sources */,
				8B703997282949CD000BAFB7 /* Frameworks */,
				8B703998282949CD000BAFB7 /* Resources */,
			);
			buildRules = (
			);
			dependencies = (
				8B70399C282949CD000BAFB7 /* PBXTargetDependency */,
			);
			name = DirectoryAppTests;
			productName = DirectoryAppTests;
			productReference = 8B70399A282949CD000BAFB7 /* DirectoryAppTests.xctest */;
			productType = "com.apple.product-type.bundle.unit-test";
		};
		8B7039A3282949CD000BAFB7 /* DirectoryAppUITests */ = {
			isa = PBXNativeTarget;
			buildConfigurationList = 8B7039B4282949CD000BAFB7 /* Build configuration list for PBXNativeTarget "DirectoryAppUITests" */;
			buildPhases = (
				8B7039A0282949CD000BAFB7 /* Sources */,
				8B7039A1282949CD000BAFB7 /* Frameworks */,
				8B7039A2282949CD000BAFB7 /* Resources */,
			);
			buildRules = (
			);
			dependencies = (
				8B7039A6282949CD000BAFB7 /* PBXTargetDependency */,
			);
			name = DirectoryAppUITests;
			productName = DirectoryAppUITests;
			productReference = 8B7039A4282949CD000BAFB7 /* DirectoryAppUITests.xctest */;
			productType = "com.apple.product-type.bundle.ui-testing";
		};
/* End PBXNativeTarget section */

/* Begin PBXProject section */
		8B70397C282949CC000BAFB7 /* Project object */ = {
			isa = PBXProject;
			attributes = {
				BuildIndependentTargetsInParallel = 1;
				LastSwiftUpdateCheck = 1330;
				LastUpgradeCheck = 1330;
				TargetAttributes = {
					8B703983282949CC000BAFB7 = {
						CreatedOnToolsVersion = 13.3.1;
					};
					8B703999282949CD000BAFB7 = {
						CreatedOnToolsVersion = 13.3.1;
						TestTargetID = 8B703983282949CC000BAFB7;
					};
					8B7039A3282949CD000BAFB7 = {
						CreatedOnToolsVersion = 13.3.1;
						TestTargetID = 8B703983282949CC000BAFB7;
					};
				};
			};
			buildConfigurationList = 8B70397F282949CC000BAFB7 /* Build configuration list for PBXProject "DirectoryApp" */;
			compatibilityVersion = "Xcode 13.0";
			developmentRegion = en;
			hasScannedForEncodings = 0;
			knownRegions = (
				en,
				Base,
			);
			mainGroup = 8B70397B282949CC000BAFB7;
			productRefGroup = 8B703985282949CC000BAFB7 /* Products */;
			projectDirPath = "";
			projectRoot = "";
			targets = (
				8B703983282949CC000BAFB7 /* DirectoryApp */,
				8B703999282949CD000BAFB7 /* DirectoryAppTests */,
				8B7039A3282949CD000BAFB7 /* DirectoryAppUITests */,
			);
		};
/* End PBXProject section */

/* Begin PBXResourcesBuildPhase section */
		8B703982282949CC000BAFB7 /* Resources */ = {
			isa = PBXResourcesBuildPhase;
			buildActionMask = 2147483647;
			files = (
				8B703994282949CD000BAFB7 /* LaunchScreen.storyboard in Resources */,
				8B703991282949CD000BAFB7 /* Assets.xcassets in Resources */,
				8B7039F6282A5B39000BAFB7 /* README.md in Resources */,
				8B70398F282949CC000BAFB7 /* Main.storyboard in Resources */,
			);
			runOnlyForDeploymentPostprocessing = 0;
		};
		8B703998282949CD000BAFB7 /* Resources */ = {
			isa = PBXResourcesBuildPhase;
			buildActionMask = 2147483647;
			files = (
				8B7039EC2829B66F000BAFB7 /* RoomsFailureResponse.json in Resources */,
				8B7039E528297D5B000BAFB7 /* StaffsFailureResponse.json in Resources */,
				8B7039E228297B2D000BAFB7 /* StaffsSuccessResponse.json in Resources */,
				8B7039EA2829B64F000BAFB7 /* RoomsSuccessResponse.json in Resources */,
			);
			runOnlyForDeploymentPostprocessing = 0;
		};
		8B7039A2282949CD000BAFB7 /* Resources */ = {
			isa = PBXResourcesBuildPhase;
			buildActionMask = 2147483647;
			files = (
			);
			runOnlyForDeploymentPostprocessing = 0;
		};
/* End PBXResourcesBuildPhase section */

/* Begin PBXSourcesBuildPhase section */
		8B703980282949CC000BAFB7 /* Sources */ = {
			isa = PBXSourcesBuildPhase;
			buildActionMask = 2147483647;
			files = (
				8B7039F02829BAAC000BAFB7 /* StaffDetailViewController.swift in Sources */,
				8B7039D2282950EB000BAFB7 /* StaffsViewModel.swift in Sources */,
				8B703988282949CC000BAFB7 /* AppDelegate.swift in Sources */,
				8B7039C028294CC1000BAFB7 /* Staffs.swift in Sources */,
				8B7039C328294D7E000BAFB7 /* JsonDecodable.swift in Sources */,
				8B7039D428295589000BAFB7 /* StaffViewCell.swift in Sources */,
				8B7039DC282969C6000BAFB7 /* RoomsTableViewCell.swift in Sources */,
				8B7039BD28294AC6000BAFB7 /* RoomsViewController.swift in Sources */,
				8B7039C828294DDF000BAFB7 /* NetworkClient.swift in Sources */,
				8B70398A282949CC000BAFB7 /* SceneDelegate.swift in Sources */,
				8B7039F22829BD1D000BAFB7 /* StaffDetailsViewModel.swift in Sources */,
				8B7039CA28294DFD000BAFB7 /* Service.swift in Sources */,
				8B7039C628294DBE000BAFB7 /* EndPoints.swift in Sources */,
				8B7039CD28294E37000BAFB7 /* NetworkError.swift in Sources */,
				8B7039BA28294A78000BAFB7 /* StaffsViewController.swift in Sources */,
				8B7039CF28294E63000BAFB7 /* Constants.swift in Sources */,
				8B7039D82829614A000BAFB7 /* RoomsViewModel.swift in Sources */,
			);
			runOnlyForDeploymentPostprocessing = 0;
		};
		8B703996282949CD000BAFB7 /* Sources */ = {
			isa = PBXSourcesBuildPhase;
			buildActionMask = 2147483647;
			files = (
				8B7039F8282AA4FC000BAFB7 /* StaffsDetailViewModelTests.swift in Sources */,
				8B7039E028297A24000BAFB7 /* StaffsViewModelTests.swift in Sources */,
				8B7039EE2829B720000BAFB7 /* RoomsViewModelTests.swift in Sources */,
				8B7039DE28297687000BAFB7 /* MockService.swift in Sources */,
			);
			runOnlyForDeploymentPostprocessing = 0;
		};
		8B7039A0282949CD000BAFB7 /* Sources */ = {
			isa = PBXSourcesBuildPhase;
			buildActionMask = 2147483647;
			files = (
				8B7039AB282949CD000BAFB7 /* DirectoryAppUITestsLaunchTests.swift in Sources */,
				8B7039A9282949CD000BAFB7 /* DirectoryAppUITests.swift in Sources */,
			);
			runOnlyForDeploymentPostprocessing = 0;
		};
/* End PBXSourcesBuildPhase section */

/* Begin PBXTargetDependency section */
		8B70399C282949CD000BAFB7 /* PBXTargetDependency */ = {
			isa = PBXTargetDependency;
			target = 8B703983282949CC000BAFB7 /* DirectoryApp */;
			targetProxy = 8B70399B282949CD000BAFB7 /* PBXContainerItemProxy */;
		};
		8B7039A6282949CD000BAFB7 /* PBXTargetDependency */ = {
			isa = PBXTargetDependency;
			target = 8B703983282949CC000BAFB7 /* DirectoryApp */;
			targetProxy = 8B7039A5282949CD000BAFB7 /* PBXContainerItemProxy */;
		};
/* End PBXTargetDependency section */

/* Begin PBXVariantGroup section */
		8B70398D282949CC000BAFB7 /* Main.storyboard */ = {
			isa = PBXVariantGroup;
			children = (
				8B70398E282949CC000BAFB7 /* Base */,
			);
			name = Main.storyboard;
			sourceTree = "<group>";
		};
		8B703992282949CD000BAFB7 /* LaunchScreen.storyboard */ = {
			isa = PBXVariantGroup;
			children = (
				8B703993282949CD000BAFB7 /* Base */,
			);
			name = LaunchScreen.storyboard;
			sourceTree = "<group>";
		};
/* End PBXVariantGroup section */

/* Begin XCBuildConfiguration section */
		8B7039AC282949CD000BAFB7 /* Debug */ = {
			isa = XCBuildConfiguration;
			buildSettings = {
				ALWAYS_SEARCH_USER_PATHS = NO;
				CLANG_ANALYZER_NONNULL = YES;
				CLANG_ANALYZER_NUMBER_OBJECT_CONVERSION = YES_AGGRESSIVE;
				CLANG_CXX_LANGUAGE_STANDARD = "gnu++17";
				CLANG_ENABLE_MODULES = YES;
				CLANG_ENABLE_OBJC_ARC = YES;
				CLANG_ENABLE_OBJC_WEAK = YES;
				CLANG_WARN_BLOCK_CAPTURE_AUTORELEASING = YES;
				CLANG_WARN_BOOL_CONVERSION = YES;
				CLANG_WARN_COMMA = YES;
				CLANG_WARN_CONSTANT_CONVERSION = YES;
				CLANG_WARN_DEPRECATED_OBJC_IMPLEMENTATIONS = YES;
				CLANG_WARN_DIRECT_OBJC_ISA_USAGE = YES_ERROR;
				CLANG_WARN_DOCUMENTATION_COMMENTS = YES;
				CLANG_WARN_EMPTY_BODY = YES;
				CLANG_WARN_ENUM_CONVERSION = YES;
				CLANG_WARN_INFINITE_RECURSION = YES;
				CLANG_WARN_INT_CONVERSION = YES;
				CLANG_WARN_NON_LITERAL_NULL_CONVERSION = YES;
				CLANG_WARN_OBJC_IMPLICIT_RETAIN_SELF = YES;
				CLANG_WARN_OBJC_LITERAL_CONVERSION = YES;
				CLANG_WARN_OBJC_ROOT_CLASS = YES_ERROR;
				CLANG_WARN_QUOTED_INCLUDE_IN_FRAMEWORK_HEADER = YES;
				CLANG_WARN_RANGE_LOOP_ANALYSIS = YES;
				CLANG_WARN_STRICT_PROTOTYPES = YES;
				CLANG_WARN_SUSPICIOUS_MOVE = YES;
				CLANG_WARN_UNGUARDED_AVAILABILITY = YES_AGGRESSIVE;
				CLANG_WARN_UNREACHABLE_CODE = YES;
				CLANG_WARN__DUPLICATE_METHOD_MATCH = YES;
				COPY_PHASE_STRIP = NO;
				DEBUG_INFORMATION_FORMAT = dwarf;
				ENABLE_STRICT_OBJC_MSGSEND = YES;
				ENABLE_TESTABILITY = YES;
				GCC_C_LANGUAGE_STANDARD = gnu11;
				GCC_DYNAMIC_NO_PIC = NO;
				GCC_NO_COMMON_BLOCKS = YES;
				GCC_OPTIMIZATION_LEVEL = 0;
				GCC_PREPROCESSOR_DEFINITIONS = (
					"DEBUG=1",
					"$(inherited)",
				);
				GCC_WARN_64_TO_32_BIT_CONVERSION = YES;
				GCC_WARN_ABOUT_RETURN_TYPE = YES_ERROR;
				GCC_WARN_UNDECLARED_SELECTOR = YES;
				GCC_WARN_UNINITIALIZED_AUTOS = YES_AGGRESSIVE;
				GCC_WARN_UNUSED_FUNCTION = YES;
				GCC_WARN_UNUSED_VARIABLE = YES;
				IPHONEOS_DEPLOYMENT_TARGET = 15.4;
				MTL_ENABLE_DEBUG_INFO = INCLUDE_SOURCE;
				MTL_FAST_MATH = YES;
				ONLY_ACTIVE_ARCH = YES;
				SDKROOT = iphoneos;
				SWIFT_ACTIVE_COMPILATION_CONDITIONS = DEBUG;
				SWIFT_OPTIMIZATION_LEVEL = "-Onone";
			};
			name = Debug;
		};
		8B7039AD282949CD000BAFB7 /* Release */ = {
			isa = XCBuildConfiguration;
			buildSettings = {
				ALWAYS_SEARCH_USER_PATHS = NO;
				CLANG_ANALYZER_NONNULL = YES;
				CLANG_ANALYZER_NUMBER_OBJECT_CONVERSION = YES_AGGRESSIVE;
				CLANG_CXX_LANGUAGE_STANDARD = "gnu++17";
				CLANG_ENABLE_MODULES = YES;
				CLANG_ENABLE_OBJC_ARC = YES;
				CLANG_ENABLE_OBJC_WEAK = YES;
				CLANG_WARN_BLOCK_CAPTURE_AUTORELEASING = YES;
				CLANG_WARN_BOOL_CONVERSION = YES;
				CLANG_WARN_COMMA = YES;
				CLANG_WARN_CONSTANT_CONVERSION = YES;
				CLANG_WARN_DEPRECATED_OBJC_IMPLEMENTATIONS = YES;
				CLANG_WARN_DIRECT_OBJC_ISA_USAGE = YES_ERROR;
				CLANG_WARN_DOCUMENTATION_COMMENTS = YES;
				CLANG_WARN_EMPTY_BODY = YES;
				CLANG_WARN_ENUM_CONVERSION = YES;
				CLANG_WARN_INFINITE_RECURSION = YES;
				CLANG_WARN_INT_CONVERSION = YES;
				CLANG_WARN_NON_LITERAL_NULL_CONVERSION = YES;
				CLANG_WARN_OBJC_IMPLICIT_RETAIN_SELF = YES;
				CLANG_WARN_OBJC_LITERAL_CONVERSION = YES;
				CLANG_WARN_OBJC_ROOT_CLASS = YES_ERROR;
				CLANG_WARN_QUOTED_INCLUDE_IN_FRAMEWORK_HEADER = YES;
				CLANG_WARN_RANGE_LOOP_ANALYSIS = YES;
				CLANG_WARN_STRICT_PROTOTYPES = YES;
				CLANG_WARN_SUSPICIOUS_MOVE = YES;
				CLANG_WARN_UNGUARDED_AVAILABILITY = YES_AGGRESSIVE;
				CLANG_WARN_UNREACHABLE_CODE = YES;
				CLANG_WARN__DUPLICATE_METHOD_MATCH = YES;
				COPY_PHASE_STRIP = NO;
				DEBUG_INFORMATION_FORMAT = "dwarf-with-dsym";
				ENABLE_NS_ASSERTIONS = NO;
				ENABLE_STRICT_OBJC_MSGSEND = YES;
				GCC_C_LANGUAGE_STANDARD = gnu11;
				GCC_NO_COMMON_BLOCKS = YES;
				GCC_WARN_64_TO_32_BIT_CONVERSION = YES;
				GCC_WARN_ABOUT_RETURN_TYPE = YES_ERROR;
				GCC_WARN_UNDECLARED_SELECTOR = YES;
				GCC_WARN_UNINITIALIZED_AUTOS = YES_AGGRESSIVE;
				GCC_WARN_UNUSED_FUNCTION = YES;
				GCC_WARN_UNUSED_VARIABLE = YES;
				IPHONEOS_DEPLOYMENT_TARGET = 15.4;
				MTL_ENABLE_DEBUG_INFO = NO;
				MTL_FAST_MATH = YES;
				SDKROOT = iphoneos;
				SWIFT_COMPILATION_MODE = wholemodule;
				SWIFT_OPTIMIZATION_LEVEL = "-O";
				VALIDATE_PRODUCT = YES;
			};
			name = Release;
		};
		8B7039AF282949CD000BAFB7 /* Debug */ = {
			isa = XCBuildConfiguration;
			buildSettings = {
				ASSETCATALOG_COMPILER_APPICON_NAME = AppIcon;
				ASSETCATALOG_COMPILER_GLOBAL_ACCENT_COLOR_NAME = AccentColor;
				CODE_SIGN_STYLE = Automatic;
				CURRENT_PROJECT_VERSION = 1;
				DEVELOPMENT_TEAM = 3H5KY3LSB5;
				GENERATE_INFOPLIST_FILE = YES;
				INFOPLIST_FILE = DirectoryApp/Info.plist;
				INFOPLIST_KEY_UIApplicationSupportsIndirectInputEvents = YES;
				INFOPLIST_KEY_UILaunchStoryboardName = LaunchScreen;
				INFOPLIST_KEY_UIMainStoryboardFile = Main;
				INFOPLIST_KEY_UISupportedInterfaceOrientations_iPad = "UIInterfaceOrientationPortrait UIInterfaceOrientationPortraitUpsideDown UIInterfaceOrientationLandscapeLeft UIInterfaceOrientationLandscapeRight";
				INFOPLIST_KEY_UISupportedInterfaceOrientations_iPhone = "UIInterfaceOrientationPortrait UIInterfaceOrientationLandscapeLeft UIInterfaceOrientationLandscapeRight";
				LD_RUNPATH_SEARCH_PATHS = (
					"$(inherited)",
					"@executable_path/Frameworks",
				);
				MARKETING_VERSION = 1.0;
				PRODUCT_BUNDLE_IDENTIFIER = com.RosyPatel.DirectoryApp;
				PRODUCT_NAME = "$(TARGET_NAME)";
				SWIFT_EMIT_LOC_STRINGS = YES;
				SWIFT_VERSION = 5.0;
				TARGETED_DEVICE_FAMILY = "1,2";
			};
			name = Debug;
		};
		8B7039B0282949CD000BAFB7 /* Release */ = {
			isa = XCBuildConfiguration;
			buildSettings = {
				ASSETCATALOG_COMPILER_APPICON_NAME = AppIcon;
				ASSETCATALOG_COMPILER_GLOBAL_ACCENT_COLOR_NAME = AccentColor;
				CODE_SIGN_STYLE = Automatic;
				CURRENT_PROJECT_VERSION = 1;
				DEVELOPMENT_TEAM = 3H5KY3LSB5;
				GENERATE_INFOPLIST_FILE = YES;
				INFOPLIST_FILE = DirectoryApp/Info.plist;
				INFOPLIST_KEY_UIApplicationSupportsIndirectInputEvents = YES;
				INFOPLIST_KEY_UILaunchStoryboardName = LaunchScreen;
				INFOPLIST_KEY_UIMainStoryboardFile = Main;
				INFOPLIST_KEY_UISupportedInterfaceOrientations_iPad = "UIInterfaceOrientationPortrait UIInterfaceOrientationPortraitUpsideDown UIInterfaceOrientationLandscapeLeft UIInterfaceOrientationLandscapeRight";
				INFOPLIST_KEY_UISupportedInterfaceOrientations_iPhone = "UIInterfaceOrientationPortrait UIInterfaceOrientationLandscapeLeft UIInterfaceOrientationLandscapeRight";
				LD_RUNPATH_SEARCH_PATHS = (
					"$(inherited)",
					"@executable_path/Frameworks",
				);
				MARKETING_VERSION = 1.0;
				PRODUCT_BUNDLE_IDENTIFIER = com.RosyPatel.DirectoryApp;
				PRODUCT_NAME = "$(TARGET_NAME)";
				SWIFT_EMIT_LOC_STRINGS = YES;
				SWIFT_VERSION = 5.0;
				TARGETED_DEVICE_FAMILY = "1,2";
			};
			name = Release;
		};
		8B7039B2282949CD000BAFB7 /* Debug */ = {
			isa = XCBuildConfiguration;
			buildSettings = {
				ALWAYS_EMBED_SWIFT_STANDARD_LIBRARIES = YES;
				BUNDLE_LOADER = "$(TEST_HOST)";
				CODE_SIGN_STYLE = Automatic;
				CURRENT_PROJECT_VERSION = 1;
				DEVELOPMENT_TEAM = 3H5KY3LSB5;
				GENERATE_INFOPLIST_FILE = YES;
				IPHONEOS_DEPLOYMENT_TARGET = 15.4;
				MARKETING_VERSION = 1.0;
				PRODUCT_BUNDLE_IDENTIFIER = com.RosyPatel.DirectoryAppTests;
				PRODUCT_NAME = "$(TARGET_NAME)";
				SWIFT_EMIT_LOC_STRINGS = NO;
				SWIFT_VERSION = 5.0;
				TARGETED_DEVICE_FAMILY = "1,2";
				TEST_HOST = "$(BUILT_PRODUCTS_DIR)/DirectoryApp.app/DirectoryApp";
			};
			name = Debug;
		};
		8B7039B3282949CD000BAFB7 /* Release */ = {
			isa = XCBuildConfiguration;
			buildSettings = {
				ALWAYS_EMBED_SWIFT_STANDARD_LIBRARIES = YES;
				BUNDLE_LOADER = "$(TEST_HOST)";
				CODE_SIGN_STYLE = Automatic;
				CURRENT_PROJECT_VERSION = 1;
				DEVELOPMENT_TEAM = 3H5KY3LSB5;
				GENERATE_INFOPLIST_FILE = YES;
				IPHONEOS_DEPLOYMENT_TARGET = 15.4;
				MARKETING_VERSION = 1.0;
				PRODUCT_BUNDLE_IDENTIFIER = com.RosyPatel.DirectoryAppTests;
				PRODUCT_NAME = "$(TARGET_NAME)";
				SWIFT_EMIT_LOC_STRINGS = NO;
				SWIFT_VERSION = 5.0;
				TARGETED_DEVICE_FAMILY = "1,2";
				TEST_HOST = "$(BUILT_PRODUCTS_DIR)/DirectoryApp.app/DirectoryApp";
			};
			name = Release;
		};
		8B7039B5282949CD000BAFB7 /* Debug */ = {
			isa = XCBuildConfiguration;
			buildSettings = {
				ALWAYS_EMBED_SWIFT_STANDARD_LIBRARIES = YES;
				CODE_SIGN_STYLE = Automatic;
				CURRENT_PROJECT_VERSION = 1;
				DEVELOPMENT_TEAM = 3H5KY3LSB5;
				GENERATE_INFOPLIST_FILE = YES;
				MARKETING_VERSION = 1.0;
				PRODUCT_BUNDLE_IDENTIFIER = com.RosyPatel.DirectoryAppUITests;
				PRODUCT_NAME = "$(TARGET_NAME)";
				SWIFT_EMIT_LOC_STRINGS = NO;
				SWIFT_VERSION = 5.0;
				TARGETED_DEVICE_FAMILY = "1,2";
				TEST_TARGET_NAME = DirectoryApp;
			};
			name = Debug;
		};
		8B7039B6282949CD000BAFB7 /* Release */ = {
			isa = XCBuildConfiguration;
			buildSettings = {
				ALWAYS_EMBED_SWIFT_STANDARD_LIBRARIES = YES;
				CODE_SIGN_STYLE = Automatic;
				CURRENT_PROJECT_VERSION = 1;
				DEVELOPMENT_TEAM = 3H5KY3LSB5;
				GENERATE_INFOPLIST_FILE = YES;
				MARKETING_VERSION = 1.0;
				PRODUCT_BUNDLE_IDENTIFIER = com.RosyPatel.DirectoryAppUITests;
				PRODUCT_NAME = "$(TARGET_NAME)";
				SWIFT_EMIT_LOC_STRINGS = NO;
				SWIFT_VERSION = 5.0;
				TARGETED_DEVICE_FAMILY = "1,2";
				TEST_TARGET_NAME = DirectoryApp;
			};
			name = Release;
		};
/* End XCBuildConfiguration section */

/* Begin XCConfigurationList section */
		8B70397F282949CC000BAFB7 /* Build configuration list for PBXProject "DirectoryApp" */ = {
			isa = XCConfigurationList;
			buildConfigurations = (
				8B7039AC282949CD000BAFB7 /* Debug */,
				8B7039AD282949CD000BAFB7 /* Release */,
			);
			defaultConfigurationIsVisible = 0;
			defaultConfigurationName = Release;
		};
		8B7039AE282949CD000BAFB7 /* Build configuration list for PBXNativeTarget "DirectoryApp" */ = {
			isa = XCConfigurationList;
			buildConfigurations = (
				8B7039AF282949CD000BAFB7 /* Debug */,
				8B7039B0282949CD000BAFB7 /* Release */,
			);
			defaultConfigurationIsVisible = 0;
			defaultConfigurationName = Release;
		};
		8B7039B1282949CD000BAFB7 /* Build configuration list for PBXNativeTarget "DirectoryAppTests" */ = {
			isa = XCConfigurationList;
			buildConfigurations = (
				8B7039B2282949CD000BAFB7 /* Debug */,
				8B7039B3282949CD000BAFB7 /* Release */,
			);
			defaultConfigurationIsVisible = 0;
			defaultConfigurationName = Release;
		};
		8B7039B4282949CD000BAFB7 /* Build configuration list for PBXNativeTarget "DirectoryAppUITests" */ = {
			isa = XCConfigurationList;
			buildConfigurations = (
				8B7039B5282949CD000BAFB7 /* Debug */,
				8B7039B6282949CD000BAFB7 /* Release */,
			);
			defaultConfigurationIsVisible = 0;
			defaultConfigurationName = Release;
		};
/* End XCConfigurationList section */
	};
	rootObject = 8B70397C282949CC000BAFB7 /* Project object */;
}
